PODS:
  - Eureka (4.3.1)
  - SwiftyJSON (4.2.0)

DEPENDENCIES:
  - Eureka
  - SwiftyJSON (~> 4.0)

SPEC REPOS:
  https://github.com/cocoapods/specs.git:
    - Eureka
    - SwiftyJSON

SPEC CHECKSUMS:
  Eureka: 28ea296f06710f6745266b71f17862048941a32d
  SwiftyJSON: c4bcba26dd9ec7a027fc8eade48e2c911f229e96

PODFILE CHECKSUM: 41694b9a7bf4380df45d2dbc4769cbdc12f5e9cf

COCOAPODS: 1.6.1
