// !$*UTF8*$!
{
	archiveVersion = 1;
	classes = {
	};
	objectVersion = 50;
	objects = {

/* Begin PBXBuildFile section */
		D7B366CD217087D500B4A66A /* AppDelegate.swift in Sources */ = {isa = PBXBuildFile; fileRef = D7B366CC217087D500B4A66A /* AppDelegate.swift */; };
		D7B366CF217087D500B4A66A /* ViewController.swift in Sources */ = {isa = PBXBuildFile; fileRef = D7B366CE217087D500B4A66A /* ViewController.swift */; };
		D7B366D2217087D500B4A66A /* Main.storyboard in Resources */ = {isa = PBXBuildFile; fileRef = D7B366D0217087D500B4A66A /* Main.storyboard */; };
		D7B366D5217087D500B4A66A /* sfcbustimer.xcdatamodeld in Sources */ = {isa = PBXBuildFile; fileRef = D7B366D3217087D500B4A66A /* sfcbustimer.xcdatamodeld */; };
		D7B366D7217087D700B4A66A /* Assets.xcassets in Resources */ = {isa = PBXBuildFile; fileRef = D7B366D6217087D700B4A66A /* Assets.xcassets */; };
		D7B366DA217087D700B4A66A /* LaunchScreen.storyboard in Resources */ = {isa = PBXBuildFile; fileRef = D7B366D8217087D700B4A66A /* LaunchScreen.storyboard */; };
/* End PBXBuildFile section */

/* Begin PBXFileReference section */
		D7B366C9217087D500B4A66A /* sfcbustimer.app */ = {isa = PBXFileReference; explicitFileType = wrapper.application; includeInIndex = 0; path = sfcbustimer.app; sourceTree = BUILT_PRODUCTS_DIR; };
		D7B366CC217087D500B4A66A /* AppDelegate.swift */ = {isa = PBXFileReference; lastKnownFileType = sourcecode.swift; path = AppDelegate.swift; sourceTree = "<group>"; };
		D7B366CE217087D500B4A66A /* ViewController.swift */ = {isa = PBXFileReference; lastKnownFileType = sourcecode.swift; path = ViewController.swift; sourceTree = "<group>"; };
		D7B366D1217087D500B4A66A /* Base */ = {isa = PBXFileReference; lastKnownFileType = file.storyboard; name = Base; path = Base.lproj/Main.storyboard; sourceTree = "<group>"; };
		D7B366D4217087D500B4A66A /* sfcbustimer.xcdatamodel */ = {isa = PBXFileReference; lastKnownFileType = wrapper.xcdatamodel; path = sfcbustimer.xcdatamodel; sourceTree = "<group>"; };
		D7B366D6217087D700B4A66A /* Assets.xcassets */ = {isa = PBXFileReference; lastKnownFileType = folder.assetcatalog; path = Assets.xcassets; sourceTree = "<group>"; };
		D7B366D9217087D700B4A66A /* Base */ = {isa = PBXFileReference; lastKnownFileType = file.storyboard; name = Base; path = Base.lproj/LaunchScreen.storyboard; sourceTree = "<group>"; };
		D7B366DB217087D700B4A66A /* Info.plist */ = {isa = PBXFileReference; lastKnownFileType = text.plist.xml; path = Info.plist; sourceTree = "<group>"; };
/* End PBXFileReference section */

/* Begin PBXFrameworksBuildPhase section */
		D7B366C6217087D500B4A66A /* Frameworks */ = {
			isa = PBXFrameworksBuildPhase;
			buildActionMask = 2147483647;
			files = (
			);
			runOnlyForDeploymentPostprocessing = 0;
		};
/* End PBXFrameworksBuildPhase section */

/* Begin PBXGroup section */
		D7B366C0217087D400B4A66A = {
			isa = PBXGroup;
			children = (
				D7B366CB217087D500B4A66A /* sfcbustimer */,
				D7B366CA217087D500B4A66A /* Products */,
			);
			sourceTree = "<group>";
		};
		D7B366CA217087D500B4A66A /* Products */ = {
			isa = PBXGroup;
			children = (
				D7B366C9217087D500B4A66A /* sfcbustimer.app */,
			);
			name = Products;
			sourceTree = "<group>";
		};
		D7B366CB217087D500B4A66A /* sfcbustimer */ = {
			isa = PBXGroup;
			children = (
				D7B366CC217087D500B4A66A /* AppDelegate.swift */,
				D7B366CE217087D500B4A66A /* ViewController.swift */,
				D7B366D0217087D500B4A66A /* Main.storyboard */,
				D7B366D6217087D700B4A66A /* Assets.xcassets */,
				D7B366D8217087D700B4A66A /* LaunchScreen.storyboard */,
				D7B366DB217087D700B4A66A /* Info.plist */,
				D7B366D3217087D500B4A66A /* sfcbustimer.xcdatamodeld */,
			);
			path = sfcbustimer;
			sourceTree = "<group>";
		};
/* End PBXGroup section */

/* Begin PBXNativeTarget section */
		D7B366C8217087D500B4A66A /* sfcbustimer */ = {
			isa = PBXNativeTarget;
			buildConfigurationList = D7B366DE217087D700B4A66A /* Build configuration list for PBXNativeTarget "sfcbustimer" */;
			buildPhases = (
				D7B366C5217087D500B4A66A /* Sources */,
				D7B366C6217087D500B4A66A /* Frameworks */,
				D7B366C7217087D500B4A66A /* Resources */,
			);
			buildRules = (
			);
			dependencies = (
			);
			name = sfcbustimer;
			productName = sfcbustimer;
			productReference = D7B366C9217087D500B4A66A /* sfcbustimer.app */;
			productType = "com.apple.product-type.application";
		};
/* End PBXNativeTarget section */

/* Begin PBXProject section */
		D7B366C1217087D400B4A66A /* Project object */ = {
			isa = PBXProject;
			attributes = {
				LastSwiftUpdateCheck = 1000;
				LastUpgradeCheck = 1000;
				ORGANIZATIONNAME = "team-sfcbustimer";
				TargetAttributes = {
					D7B366C8217087D500B4A66A = {
						CreatedOnToolsVersion = 10.0;
					};
				};
			};
			buildConfigurationList = D7B366C4217087D400B4A66A /* Build configuration list for PBXProject "sfcbustimer" */;
			compatibilityVersion = "Xcode 9.3";
			developmentRegion = en;
			hasScannedForEncodings = 0;
			knownRegions = (
				en,
				Base,
			);
			mainGroup = D7B366C0217087D400B4A66A;
			productRefGroup = D7B366CA217087D500B4A66A /* Products */;
			projectDirPath = "";
			projectRoot = "";
			targets = (
				D7B366C8217087D500B4A66A /* sfcbustimer */,
			);
		};
/* End PBXProject section */

/* Begin PBXResourcesBuildPhase section */
		D7B366C7217087D500B4A66A /* Resources */ = {
			isa = PBXResourcesBuildPhase;
			buildActionMask = 2147483647;
			files = (
				D7B366DA217087D700B4A66A /* LaunchScreen.storyboard in Resources */,
				D7B366D7217087D700B4A66A /* Assets.xcassets in Resources */,
				D7B366D2217087D500B4A66A /* Main.storyboard in Resources */,
			);
			runOnlyForDeploymentPostprocessing = 0;
		};
/* End PBXResourcesBuildPhase section */

/* Begin PBXSourcesBuildPhase section */
		D7B366C5217087D500B4A66A /* Sources */ = {
			isa = PBXSourcesBuildPhase;
			buildActionMask = 2147483647;
			files = (
				D7B366D5217087D500B4A66A /* sfcbustimer.xcdatamodeld in Sources */,
				D7B366CF217087D500B4A66A /* ViewController.swift in Sources */,
				D7B366CD217087D500B4A66A /* AppDelegate.swift in Sources */,
			);
			runOnlyForDeploymentPostprocessing = 0;
		};
/* End PBXSourcesBuildPhase section */

/* Begin PBXVariantGroup section */
		D7B366D0217087D500B4A66A /* Main.storyboard */ = {
			isa = PBXVariantGroup;
			children = (
				D7B366D1217087D500B4A66A /* Base */,
			);
			name = Main.storyboard;
			sourceTree = "<group>";
		};
		D7B366D8217087D700B4A66A /* LaunchScreen.storyboard */ = {
			isa = PBXVariantGroup;
			children = (
				D7B366D9217087D700B4A66A /* Base */,
			);
			name = LaunchScreen.storyboard;
			sourceTree = "<group>";
		};
/* End PBXVariantGroup section */

/* Begin XCBuildConfiguration section */
		D7B366DC217087D700B4A66A /* Debug */ = {
			isa = XCBuildConfiguration;
			buildSettings = {
				ALWAYS_SEARCH_USER_PATHS = NO;
				CLANG_ANALYZER_NONNULL = YES;
				CLANG_ANALYZER_NUMBER_OBJECT_CONVERSION = YES_AGGRESSIVE;
				CLANG_CXX_LANGUAGE_STANDARD = "gnu++14";
				CLANG_CXX_LIBRARY = "libc++";
				CLANG_ENABLE_MODULES = YES;
				CLANG_ENABLE_OBJC_ARC = YES;
				CLANG_ENABLE_OBJC_WEAK = YES;
				CLANG_WARN_BLOCK_CAPTURE_AUTORELEASING = YES;
				CLANG_WARN_BOOL_CONVERSION = YES;
				CLANG_WARN_COMMA = YES;
				CLANG_WARN_CONSTANT_CONVERSION = YES;
				CLANG_WARN_DEPRECATED_OBJC_IMPLEMENTATIONS = YES;
				CLANG_WARN_DIRECT_OBJC_ISA_USAGE = YES_ERROR;
				CLANG_WARN_DOCUMENTATION_COMMENTS = YES;
				CLANG_WARN_EMPTY_BODY = YES;
				CLANG_WARN_ENUM_CONVERSION = YES;
				CLANG_WARN_INFINITE_RECURSION = YES;
				CLANG_WARN_INT_CONVERSION = YES;
				CLANG_WARN_NON_LITERAL_NULL_CONVERSION = YES;
				CLANG_WARN_OBJC_IMPLICIT_RETAIN_SELF = YES;
				CLANG_WARN_OBJC_LITERAL_CONVERSION = YES;
				CLANG_WARN_OBJC_ROOT_CLASS = YES_ERROR;
				CLANG_WARN_RANGE_LOOP_ANALYSIS = YES;
				CLANG_WARN_STRICT_PROTOTYPES = YES;
				CLANG_WARN_SUSPICIOUS_MOVE = YES;
				CLANG_WARN_UNGUARDED_AVAILABILITY = YES_AGGRESSIVE;
				CLANG_WARN_UNREACHABLE_CODE = YES;
				CLANG_WARN__DUPLICATE_METHOD_MATCH = YES;
				CODE_SIGN_IDENTITY = "iPhone Developer";
				COPY_PHASE_STRIP = NO;
				DEBUG_INFORMATION_FORMAT = dwarf;
				ENABLE_STRICT_OBJC_MSGSEND = YES;
				ENABLE_TESTABILITY = YES;
				GCC_C_LANGUAGE_STANDARD = gnu11;
				GCC_DYNAMIC_NO_PIC = NO;
				GCC_NO_COMMON_BLOCKS = YES;
				GCC_OPTIMIZATION_LEVEL = 0;
				GCC_PREPROCESSOR_DEFINITIONS = (
					"DEBUG=1",
					"$(inherited)",
				);
				GCC_WARN_64_TO_32_BIT_CONVERSION = YES;
				GCC_WARN_ABOUT_RETURN_TYPE = YES_ERROR;
				GCC_WARN_UNDECLARED_SELECTOR = YES;
				GCC_WARN_UNINITIALIZED_AUTOS = YES_AGGRESSIVE;
				GCC_WARN_UNUSED_FUNCTION = YES;
				GCC_WARN_UNUSED_VARIABLE = YES;
				IPHONEOS_DEPLOYMENT_TARGET = 12.0;
				MTL_ENABLE_DEBUG_INFO = INCLUDE_SOURCE;
				MTL_FAST_MATH = YES;
				ONLY_ACTIVE_ARCH = YES;
				SDKROOT = iphoneos;
				SWIFT_ACTIVE_COMPILATION_CONDITIONS = DEBUG;
				SWIFT_OPTIMIZATION_LEVEL = "-Onone";
			};
			name = Debug;
		};
		D7B366DD217087D700B4A66A /* Release */ = {
			isa = XCBuildConfiguration;
			buildSettings = {
				ALWAYS_SEARCH_USER_PATHS = NO;
				CLANG_ANALYZER_NONNULL = YES;
				CLANG_ANALYZER_NUMBER_OBJECT_CONVERSION = YES_AGGRESSIVE;
				CLANG_CXX_LANGUAGE_STANDARD = "gnu++14";
				CLANG_CXX_LIBRARY = "libc++";
				CLANG_ENABLE_MODULES = YES;
				CLANG_ENABLE_OBJC_ARC = YES;
				CLANG_ENABLE_OBJC_WEAK = YES;
				CLANG_WARN_BLOCK_CAPTURE_AUTORELEASING = YES;
				CLANG_WARN_BOOL_CONVERSION = YES;
				CLANG_WARN_COMMA = YES;
				CLANG_WARN_CONSTANT_CONVERSION = YES;
				CLANG_WARN_DEPRECATED_OBJC_IMPLEMENTATIONS = YES;
				CLANG_WARN_DIRECT_OBJC_ISA_USAGE = YES_ERROR;
				CLANG_WARN_DOCUMENTATION_COMMENTS = YES;
				CLANG_WARN_EMPTY_BODY = YES;
				CLANG_WARN_ENUM_CONVERSION = YES;
				CLANG_WARN_INFINITE_RECURSION = YES;
				CLANG_WARN_INT_CONVERSION = YES;
				CLANG_WARN_NON_LITERAL_NULL_CONVERSION = YES;
				CLANG_WARN_OBJC_IMPLICIT_RETAIN_SELF = YES;
				CLANG_WARN_OBJC_LITERAL_CONVERSION = YES;
				CLANG_WARN_OBJC_ROOT_CLASS = YES_ERROR;
				CLANG_WARN_RANGE_LOOP_ANALYSIS = YES;
				CLANG_WARN_STRICT_PROTOTYPES = YES;
				CLANG_WARN_SUSPICIOUS_MOVE = YES;
				CLANG_WARN_UNGUARDED_AVAILABILITY = YES_AGGRESSIVE;
				CLANG_WARN_UNREACHABLE_CODE = YES;
				CLANG_WARN__DUPLICATE_METHOD_MATCH = YES;
				CODE_SIGN_IDENTITY = "iPhone Developer";
				COPY_PHASE_STRIP = NO;
				DEBUG_INFORMATION_FORMAT = "dwarf-with-dsym";
				ENABLE_NS_ASSERTIONS = NO;
				ENABLE_STRICT_OBJC_MSGSEND = YES;
				GCC_C_LANGUAGE_STANDARD = gnu11;
				GCC_NO_COMMON_BLOCKS = YES;
				GCC_WARN_64_TO_32_BIT_CONVERSION = YES;
				GCC_WARN_ABOUT_RETURN_TYPE = YES_ERROR;
				GCC_WARN_UNDECLARED_SELECTOR = YES;
				GCC_WARN_UNINITIALIZED_AUTOS = YES_AGGRESSIVE;
				GCC_WARN_UNUSED_FUNCTION = YES;
				GCC_WARN_UNUSED_VARIABLE = YES;
				IPHONEOS_DEPLOYMENT_TARGET = 12.0;
				MTL_ENABLE_DEBUG_INFO = NO;
				MTL_FAST_MATH = YES;
				SDKROOT = iphoneos;
				SWIFT_COMPILATION_MODE = wholemodule;
				SWIFT_OPTIMIZATION_LEVEL = "-O";
				VALIDATE_PRODUCT = YES;
			};
			name = Release;
		};
		D7B366DF217087D700B4A66A /* Debug */ = {
			isa = XCBuildConfiguration;
			buildSettings = {
				ASSETCATALOG_COMPILER_APPICON_NAME = AppIcon;
				CODE_SIGN_STYLE = Automatic;
				DEVELOPMENT_TEAM = UGY86BQ36T;
				INFOPLIST_FILE = sfcbustimer/Info.plist;
				LD_RUNPATH_SEARCH_PATHS = (
					"$(inherited)",
					"@executable_path/Frameworks",
				);
				PRODUCT_BUNDLE_IDENTIFIER = "keio.hagino-ken.sfcbustimer";
				PRODUCT_NAME = "$(TARGET_NAME)";
				SWIFT_VERSION = 4.2;
				TARGETED_DEVICE_FAMILY = 1;
			};
			name = Debug;
		};
		D7B366E0217087D700B4A66A /* Release */ = {
			isa = XCBuildConfiguration;
			buildSettings = {
				ASSETCATALOG_COMPILER_APPICON_NAME = AppIcon;
				CODE_SIGN_STYLE = Automatic;
				DEVELOPMENT_TEAM = UGY86BQ36T;
				INFOPLIST_FILE = sfcbustimer/Info.plist;
				LD_RUNPATH_SEARCH_PATHS = (
					"$(inherited)",
					"@executable_path/Frameworks",
				);
				PRODUCT_BUNDLE_IDENTIFIER = "keio.hagino-ken.sfcbustimer";
				PRODUCT_NAME = "$(TARGET_NAME)";
				SWIFT_VERSION = 4.2;
				TARGETED_DEVICE_FAMILY = 1;
			};
			name = Release;
		};
/* End XCBuildConfiguration section */

/* Begin XCConfigurationList section */
		D7B366C4217087D400B4A66A /* Build configuration list for PBXProject "sfcbustimer" */ = {
			isa = XCConfigurationList;
			buildConfigurations = (
				D7B366DC217087D700B4A66A /* Debug */,
				D7B366DD217087D700B4A66A /* Release */,
			);
			defaultConfigurationIsVisible = 0;
			defaultConfigurationName = Release;
		};
		D7B366DE217087D700B4A66A /* Build configuration list for PBXNativeTarget "sfcbustimer" */ = {
			isa = XCConfigurationList;
			buildConfigurations = (
				D7B366DF217087D700B4A66A /* Debug */,
				D7B366E0217087D700B4A66A /* Release */,
			);
			defaultConfigurationIsVisible = 0;
			defaultConfigurationName = Release;
		};
/* End XCConfigurationList section */

/* Begin XCVersionGroup section */
		D7B366D3217087D500B4A66A /* sfcbustimer.xcdatamodeld */ = {
			isa = XCVersionGroup;
			children = (
				D7B366D4217087D500B4A66A /* sfcbustimer.xcdatamodel */,
			);
			currentVersion = D7B366D4217087D500B4A66A /* sfcbustimer.xcdatamodel */;
			path = sfcbustimer.xcdatamodeld;
			sourceTree = "<group>";
			versionGroupType = wrapper.xcdatamodel;
		};
/* End XCVersionGroup section */
	};
	rootObject = D7B366C1217087D400B4A66A /* Project object */;
}
